
Microsoft Visual Studio Solution File, Format Version 12.00
# Visual Studio Version 17
VisualStudioVersion = 17.10.35122.118
MinimumVisualStudioVersion = 10.0.40219.1
Project("{9A19103F-16F7-4668-BE54-9A1E7A4F7556}") = "Overview", "Overview\Overview.csproj", "{107268DE-7A42-4D31-BFB2-03E9280D9E51}"
EndProject
Global
	GlobalSection(SolutionConfigurationPlatforms) = preSolution
		Debug|Any CPU = Debug|Any CPU
		Release|Any CPU = Release|Any CPU
	EndGlobalSection
	GlobalSection(ProjectConfigurationPlatforms) = postSolution
		{107268DE-7A42-4D31-BFB2-03E9280D9E51}.Debug|Any CPU.ActiveCfg = Debug|Any CPU
		{107268DE-7A42-4D31-BFB2-03E9280D9E51}.Debug|Any CPU.Build.0 = Debug|Any CPU
		{107268DE-7A42-4D31-BFB2-03E9280D9E51}.Release|Any CPU.ActiveCfg = Release|Any CPU
		{107268DE-7A42-4D31-BFB2-03E9280D9E51}.Release|Any CPU.Build.0 = Release|Any CPU
	EndGlobalSection
	GlobalSection(SolutionProperties) = preSolution
		HideSolutionNode = FALSE
	EndGlobalSection
	GlobalSection(ExtensibilityGlobals) = postSolution
		SolutionGuid = {BBA5324C-49B0-4A30-9240-5846CB54D755}
	EndGlobalSection
EndGlobal
